Microsoft Visual Studio Solution File, Format Version 12.00
# Visual Studio Version 17
VisualStudioVersion = 17.0.31611.283
MinimumVisualStudioVersion = 10.0.40219.1
Project("{9A19103F-16F7-4668-BE54-9A1E7A4F7556}") = "M3UManager", "M3UManager\M3UManager.csproj", "{BFD18D65-1F9F-4FC9-A58C-42E36946F4BE}"
EndProject
Project("{9A19103F-16F7-4668-BE54-9A1E7A4F7556}") = "M3UManager.UI", "M3UManager.UI\M3UManager.UI.csproj", "{2626B744-CCEC-4384-8E41-85BC8C2F37CE}"
EndProject
Project("{9A19103F-16F7-4668-BE54-9A1E7A4F7556}") = "M3UManager.Models", "M3UManager.Models\M3UManager.Models.csproj", "{E22E0E12-FD4C-49FC-A099-6969CB7D309F}"
EndProject
Project("{9A19103F-16F7-4668-BE54-9A1E7A4F7556}") = "M3UManager.Services", "M3UManager.Services\M3UManager.Services.csproj", "{978BC854-14DE-4743-962F-6E57D2A48D1A}"
EndProject
Project("{9A19103F-16F7-4668-BE54-9A1E7A4F7556}") = "M3UManager.Data", "M3UManager.Data\M3UManager.Data.csproj", "{53F28B5E-AE3F-42F2-A264-5973AFBE1B78}"
EndProject
Global
	GlobalSection(SolutionConfigurationPlatforms) = preSolution
		Debug|Any CPU = Debug|Any CPU
		Release|Any CPU = Release|Any CPU
	EndGlobalSection
	GlobalSection(ProjectConfigurationPlatforms) = postSolution
		{BFD18D65-1F9F-4FC9-A58C-42E36946F4BE}.Debug|Any CPU.ActiveCfg = Debug|Any CPU
		{BFD18D65-1F9F-4FC9-A58C-42E36946F4BE}.Debug|Any CPU.Build.0 = Debug|Any CPU
		{BFD18D65-1F9F-4FC9-A58C-42E36946F4BE}.Debug|Any CPU.Deploy.0 = Debug|Any CPU
		{BFD18D65-1F9F-4FC9-A58C-42E36946F4BE}.Release|Any CPU.ActiveCfg = Release|Any CPU
		{BFD18D65-1F9F-4FC9-A58C-42E36946F4BE}.Release|Any CPU.Build.0 = Release|Any CPU
		{BFD18D65-1F9F-4FC9-A58C-42E36946F4BE}.Release|Any CPU.Deploy.0 = Release|Any CPU
		{2626B744-CCEC-4384-8E41-85BC8C2F37CE}.Debug|Any CPU.ActiveCfg = Debug|Any CPU
		{2626B744-CCEC-4384-8E41-85BC8C2F37CE}.Debug|Any CPU.Build.0 = Debug|Any CPU
		{2626B744-CCEC-4384-8E41-85BC8C2F37CE}.Release|Any CPU.ActiveCfg = Release|Any CPU
		{2626B744-CCEC-4384-8E41-85BC8C2F37CE}.Release|Any CPU.Build.0 = Release|Any CPU
		{E22E0E12-FD4C-49FC-A099-6969CB7D309F}.Debug|Any CPU.ActiveCfg = Debug|Any CPU
		{E22E0E12-FD4C-49FC-A099-6969CB7D309F}.Debug|Any CPU.Build.0 = Debug|Any CPU
		{E22E0E12-FD4C-49FC-A099-6969CB7D309F}.Release|Any CPU.ActiveCfg = Release|Any CPU
		{E22E0E12-FD4C-49FC-A099-6969CB7D309F}.Release|Any CPU.Build.0 = Release|Any CPU
		{978BC854-14DE-4743-962F-6E57D2A48D1A}.Debug|Any CPU.ActiveCfg = Debug|Any CPU
		{978BC854-14DE-4743-962F-6E57D2A48D1A}.Debug|Any CPU.Build.0 = Debug|Any CPU
		{978BC854-14DE-4743-962F-6E57D2A48D1A}.Release|Any CPU.ActiveCfg = Release|Any CPU
		{978BC854-14DE-4743-962F-6E57D2A48D1A}.Release|Any CPU.Build.0 = Release|Any CPU
		{53F28B5E-AE3F-42F2-A264-5973AFBE1B78}.Debug|Any CPU.ActiveCfg = Debug|Any CPU
		{53F28B5E-AE3F-42F2-A264-5973AFBE1B78}.Debug|Any CPU.Build.0 = Debug|Any CPU
		{53F28B5E-AE3F-42F2-A264-5973AFBE1B78}.Release|Any CPU.ActiveCfg = Release|Any CPU
		{53F28B5E-AE3F-42F2-A264-5973AFBE1B78}.Release|Any CPU.Build.0 = Release|Any CPU
	EndGlobalSection
	GlobalSection(SolutionProperties) = preSolution
		HideSolutionNode = FALSE
	EndGlobalSection
	GlobalSection(ExtensibilityGlobals) = postSolution
		SolutionGuid = {61F7FB11-1E47-470C-91E2-47F8143E1572}
	EndGlobalSection
EndGlobal
